github.com/ashwanthkumar/slack-go-webhook v0.0.0-20200209025033-430dd4e66960 h1:MIEURpsIpyLyy+dZ+GnL8T5P49Tco0ik9cYaUQNnAxE=
github.com/ashwanthkumar/slack-go-webhook v0.0.0-20200209025033-430dd4e66960/go.mod h1:97O1qkjJBHSSaWJxsTShRIeFy0HWiygk+jnugO9aX3I=
github.com/bensch777/discord-webhook-golang v0.0.6 h1:91BMU6vKgymAMfRwtXPMUrKX+SUoPPHTDJHTFA/1Kgk=
github.com/bensch777/discord-webhook-golang v0.0.6/go.mod h1:GcIorMZAZaHZyQJkjNoYKvZ6VpZo8XLib/eD51xN7Is=
github.com/moul/http2curl v1.0.0 h1:dRMWoAtb+ePxMlLkrCbAqh4TlPHXvoGUSQ323/9Zahs=
github.com/moul/http2curl v1.0.0/go.mod h1:8UbvGypXm98wA/IqH45anm5Y2Z6ep6O31QGOAZ3H0fQ=
github.com/parnurzeal/gorequest v0.3.0 h1:SoFyqCDC9COr1xuS6VA8fC8RU7XyrJZN2ona1kEX7FI=
github.com/parnurzeal/gorequest v0.3.0/go.mod h1:3Kh2QUMJoqw3icWAecsyzkpY7UzRfDhbRdTjtNwNiUE=
github.com/pkg/errors v0.9.1 h1:FEBLx1zS214owpjy7qsBeixbURkuhQAwrK5UwLGTwt4=
github.com/pkg/errors v0.9.1/go.mod h1:bwawxfHBFNV+L2hUp1rHADufV3IMtnDRdf1r5NINEl0=
golang.org/x/net v0.25.0 h1:d/OCCoBEUq33pjydKrGQhw7IlUPI2Oylr+8qLx49kac=
golang.org/x/net v0.25.0/go.mod h1:JkAGAh7GEvH74S6FOH42FLoXpXbE/aqXSrIQjXgsiwM=
